
Microsoft Visual Studio Solution File, Format Version 12.00
# Visual Studio 15
VisualStudioVersion = 15.0.28307.1062
MinimumVisualStudioVersion = 10.0.40219.1
Project("{8BC9CEB8-8B4A-11D0-8D11-00A0C91BC942}") = "SerialGraph_01", "SerialGraph_01\SerialGraph_01.vcxproj", "{45298AA4-28D2-408E-8A92-C6AE876EBC6E}"
EndProject
Global
	GlobalSection(SolutionConfigurationPlatforms) = preSolution
		Debug|x64 = Debug|x64
		Debug|x86 = Debug|x86
		Release|x64 = Release|x64
		Release|x86 = Release|x86
	EndGlobalSection
	GlobalSection(ProjectConfigurationPlatforms) = postSolution
		{45298AA4-28D2-408E-8A92-C6AE876EBC6E}.Debug|x64.ActiveCfg = Debug|x64
		{45298AA4-28D2-408E-8A92-C6AE876EBC6E}.Debug|x64.Build.0 = Debug|x64
		{45298AA4-28D2-408E-8A92-C6AE876EBC6E}.Debug|x86.ActiveCfg = Debug|Win32
		{45298AA4-28D2-408E-8A92-C6AE876EBC6E}.Debug|x86.Build.0 = Debug|Win32
		{45298AA4-28D2-408E-8A92-C6AE876EBC6E}.Release|x64.ActiveCfg = Release|x64
		{45298AA4-28D2-408E-8A92-C6AE876EBC6E}.Release|x64.Build.0 = Release|x64
		{45298AA4-28D2-408E-8A92-C6AE876EBC6E}.Release|x86.ActiveCfg = Release|Win32
		{45298AA4-28D2-408E-8A92-C6AE876EBC6E}.Release|x86.Build.0 = Release|Win32
	EndGlobalSection
	GlobalSection(SolutionProperties) = preSolution
		HideSolutionNode = FALSE
	EndGlobalSection
	GlobalSection(ExtensibilityGlobals) = postSolution
		SolutionGuid = {E470E963-4AA2-40C4-9461-1BD4CDEA89B1}
	EndGlobalSection
EndGlobal
